
Microsoft Visual Studio Solution File, Format Version 12.00
# Visual Studio 2013
VisualStudioVersion = 12.0.21005.1
MinimumVisualStudioVersion = 10.0.40219.1
Project("{F184B08F-C81C-45F6-A57F-5ABD9991F28F}") = "webService1", "webService1\webService1.vbproj", "{C8F8A688-6CA3-4592-A4B4-AED49D8F6E73}"
EndProject
Project("{F184B08F-C81C-45F6-A57F-5ABD9991F28F}") = "LogicaNegocios", "LogicaNegocios\LogicaNegocios.vbproj", "{E0A4BD43-7D53-4A7C-AD7E-84F93D2922A8}"
EndProject
Project("{F184B08F-C81C-45F6-A57F-5ABD9991F28F}") = "CapaDatos", "CapaDatos\CapaDatos.vbproj", "{5CD155FD-AB99-4A6C-B4E9-613D61068C90}"
EndProject
Global
	GlobalSection(SolutionConfigurationPlatforms) = preSolution
		Debug|Any CPU = Debug|Any CPU
		Release|Any CPU = Release|Any CPU
	EndGlobalSection
	GlobalSection(ProjectConfigurationPlatforms) = postSolution
		{C8F8A688-6CA3-4592-A4B4-AED49D8F6E73}.Debug|Any CPU.ActiveCfg = Debug|Any CPU
		{C8F8A688-6CA3-4592-A4B4-AED49D8F6E73}.Debug|Any CPU.Build.0 = Debug|Any CPU
		{C8F8A688-6CA3-4592-A4B4-AED49D8F6E73}.Release|Any CPU.ActiveCfg = Release|Any CPU
		{C8F8A688-6CA3-4592-A4B4-AED49D8F6E73}.Release|Any CPU.Build.0 = Release|Any CPU
		{E0A4BD43-7D53-4A7C-AD7E-84F93D2922A8}.Debug|Any CPU.ActiveCfg = Debug|Any CPU
		{E0A4BD43-7D53-4A7C-AD7E-84F93D2922A8}.Debug|Any CPU.Build.0 = Debug|Any CPU
		{E0A4BD43-7D53-4A7C-AD7E-84F93D2922A8}.Release|Any CPU.ActiveCfg = Release|Any CPU
		{E0A4BD43-7D53-4A7C-AD7E-84F93D2922A8}.Release|Any CPU.Build.0 = Release|Any CPU
		{5CD155FD-AB99-4A6C-B4E9-613D61068C90}.Debug|Any CPU.ActiveCfg = Debug|Any CPU
		{5CD155FD-AB99-4A6C-B4E9-613D61068C90}.Debug|Any CPU.Build.0 = Debug|Any CPU
		{5CD155FD-AB99-4A6C-B4E9-613D61068C90}.Release|Any CPU.ActiveCfg = Release|Any CPU
		{5CD155FD-AB99-4A6C-B4E9-613D61068C90}.Release|Any CPU.Build.0 = Release|Any CPU
	EndGlobalSection
	GlobalSection(SolutionProperties) = preSolution
		HideSolutionNode = FALSE
	EndGlobalSection
EndGlobal
